
Microsoft Visual Studio Solution File, Format Version 12.00
# Visual Studio Version 17
VisualStudioVersion = 17.1.32319.34
MinimumVisualStudioVersion = 10.0.40219.1
Project("{FAE04EC0-301F-11D3-BF4B-00C04F79EFBC}") = "WpfApp2", "WpfApp2\WpfApp2.csproj", "{529F0534-1F5C-4BFE-A895-270C1A7EA67E}"
EndProject
Global
	GlobalSection(SolutionConfigurationPlatforms) = preSolution
		Debug|Any CPU = Debug|Any CPU
		Release|Any CPU = Release|Any CPU
	EndGlobalSection
	GlobalSection(ProjectConfigurationPlatforms) = postSolution
		{529F0534-1F5C-4BFE-A895-270C1A7EA67E}.Debug|Any CPU.ActiveCfg = Debug|Any CPU
		{529F0534-1F5C-4BFE-A895-270C1A7EA67E}.Debug|Any CPU.Build.0 = Debug|Any CPU
		{529F0534-1F5C-4BFE-A895-270C1A7EA67E}.Release|Any CPU.ActiveCfg = Release|Any CPU
		{529F0534-1F5C-4BFE-A895-270C1A7EA67E}.Release|Any CPU.Build.0 = Release|Any CPU
	EndGlobalSection
	GlobalSection(SolutionProperties) = preSolution
		HideSolutionNode = FALSE
	EndGlobalSection
	GlobalSection(ExtensibilityGlobals) = postSolution
		SolutionGuid = {0B13A505-4AFC-4FF2-B434-F7F3EFA73983}
	EndGlobalSection
EndGlobal
